// !$*UTF8*$!
{
	archiveVersion = 1;
	classes = {
	};
	objectVersion = 46;
	objects = {

/* Begin PBXBuildFile section */
		694239371DFD98D500AED55A /* AppDelegate.swift in Sources */ = {isa = PBXBuildFile; fileRef = 694239361DFD98D500AED55A /* AppDelegate.swift */; };
		694239391DFD98D500AED55A /* ViewController.swift in Sources */ = {isa = PBXBuildFile; fileRef = 694239381DFD98D500AED55A /* ViewController.swift */; };
		6942393C1DFD98D500AED55A /* Main.storyboard in Resources */ = {isa = PBXBuildFile; fileRef = 6942393A1DFD98D500AED55A /* Main.storyboard */; };
		6942393E1DFD98D500AED55A /* Assets.xcassets in Resources */ = {isa = PBXBuildFile; fileRef = 6942393D1DFD98D500AED55A /* Assets.xcassets */; };
		694239411DFD98D500AED55A /* LaunchScreen.storyboard in Resources */ = {isa = PBXBuildFile; fileRef = 6942393F1DFD98D500AED55A /* LaunchScreen.storyboard */; };
		694239491DFF028E00AED55A /* AboutViewController.swift in Sources */ = {isa = PBXBuildFile; fileRef = 694239481DFF028E00AED55A /* AboutViewController.swift */; };
		696BDE901E003E6800ABDBAE /* BullsEye.html in Resources */ = {isa = PBXBuildFile; fileRef = 696BDE8F1E003E6800ABDBAE /* BullsEye.html */; };
		696BDE9E1E003F2F00ABDBAE /* Icon-20.png in Resources */ = {isa = PBXBuildFile; fileRef = 696BDE911E003F2F00ABDBAE /* Icon-20.png */; };
		696BDE9F1E003F2F00ABDBAE /* Icon-29.png in Resources */ = {isa = PBXBuildFile; fileRef = 696BDE921E003F2F00ABDBAE /* Icon-29.png */; };
		696BDEA01E003F2F00ABDBAE /* Icon-40.png in Resources */ = {isa = PBXBuildFile; fileRef = 696BDE931E003F2F00ABDBAE /* Icon-40.png */; };
		696BDEA11E003F2F00ABDBAE /* Icon-58.png in Resources */ = {isa = PBXBuildFile; fileRef = 696BDE941E003F2F00ABDBAE /* Icon-58.png */; };
		696BDEA21E003F2F00ABDBAE /* Icon-60.png in Resources */ = {isa = PBXBuildFile; fileRef = 696BDE951E003F2F00ABDBAE /* Icon-60.png */; };
		696BDEA31E003F2F00ABDBAE /* Icon-76.png in Resources */ = {isa = PBXBuildFile; fileRef = 696BDE961E003F2F00ABDBAE /* Icon-76.png */; };
		696BDEA41E003F2F00ABDBAE /* Icon-80.png in Resources */ = {isa = PBXBuildFile; fileRef = 696BDE971E003F2F00ABDBAE /* Icon-80.png */; };
		696BDEA51E003F2F00ABDBAE /* Icon-87.png in Resources */ = {isa = PBXBuildFile; fileRef = 696BDE981E003F2F00ABDBAE /* Icon-87.png */; };
		696BDEA61E003F2F00ABDBAE /* Icon-120.png in Resources */ = {isa = PBXBuildFile; fileRef = 696BDE991E003F2F00ABDBAE /* Icon-120.png */; };
		696BDEA71E003F2F00ABDBAE /* Icon-152.png in Resources */ = {isa = PBXBuildFile; fileRef = 696BDE9A1E003F2F00ABDBAE /* Icon-152.png */; };
		696BDEA81E003F2F00ABDBAE /* Icon-167.png in Resources */ = {isa = PBXBuildFile; fileRef = 696BDE9B1E003F2F00ABDBAE /* Icon-167.png */; };
		696BDEA91E003F2F00ABDBAE /* Icon-180.png in Resources */ = {isa = PBXBuildFile; fileRef = 696BDE9C1E003F2F00ABDBAE /* Icon-180.png */; };
		696BDEAA1E003F2F00ABDBAE /* Icon-1024.png in Resources */ = {isa = PBXBuildFile; fileRef = 696BDE9D1E003F2F00ABDBAE /* Icon-1024.png */; };
/* End PBXBuildFile section */

/* Begin PBXFileReference section */
		694239331DFD98D500AED55A /* Bull'sEye.app */ = {isa = PBXFileReference; explicitFileType = wrapper.application; includeInIndex = 0; path = "Bull'sEye.app"; sourceTree = BUILT_PRODUCTS_DIR; };
		694239361DFD98D500AED55A /* AppDelegate.swift */ = {isa = PBXFileReference; lastKnownFileType = sourcecode.swift; path = AppDelegate.swift; sourceTree = "<group>"; };
		694239381DFD98D500AED55A /* ViewController.swift */ = {isa = PBXFileReference; lastKnownFileType = sourcecode.swift; path = ViewController.swift; sourceTree = "<group>"; };
		6942393B1DFD98D500AED55A /* Base */ = {isa = PBXFileReference; lastKnownFileType = file.storyboard; name = Base; path = Base.lproj/Main.storyboard; sourceTree = "<group>"; };
		6942393D1DFD98D500AED55A /* Assets.xcassets */ = {isa = PBXFileReference; lastKnownFileType = folder.assetcatalog; path = Assets.xcassets; sourceTree = "<group>"; };
		694239401DFD98D500AED55A /* Base */ = {isa = PBXFileReference; lastKnownFileType = file.storyboard; name = Base; path = Base.lproj/LaunchScreen.storyboard; sourceTree = "<group>"; };
		694239421DFD98D500AED55A /* Info.plist */ = {isa = PBXFileReference; lastKnownFileType = text.plist.xml; path = Info.plist; sourceTree = "<group>"; };
		694239481DFF028E00AED55A /* AboutViewController.swift */ = {isa = PBXFileReference; fileEncoding = 4; lastKnownFileType = sourcecode.swift; path = AboutViewController.swift; sourceTree = "<group>"; };
		696BDE8F1E003E6800ABDBAE /* BullsEye.html */ = {isa = PBXFileReference; fileEncoding = 4; lastKnownFileType = text.html; path = BullsEye.html; sourceTree = "<group>"; };
		696BDE911E003F2F00ABDBAE /* Icon-20.png */ = {isa = PBXFileReference; lastKnownFileType = image.png; path = "Icon-20.png"; sourceTree = "<group>"; };
		696BDE921E003F2F00ABDBAE /* Icon-29.png */ = {isa = PBXFileReference; lastKnownFileType = image.png; path = "Icon-29.png"; sourceTree = "<group>"; };
		696BDE931E003F2F00ABDBAE /* Icon-40.png */ = {isa = PBXFileReference; lastKnownFileType = image.png; path = "Icon-40.png"; sourceTree = "<group>"; };
		696BDE941E003F2F00ABDBAE /* Icon-58.png */ = {isa = PBXFileReference; lastKnownFileType = image.png; path = "Icon-58.png"; sourceTree = "<group>"; };
		696BDE951E003F2F00ABDBAE /* Icon-60.png */ = {isa = PBXFileReference; lastKnownFileType = image.png; path = "Icon-60.png"; sourceTree = "<group>"; };
		696BDE961E003F2F00ABDBAE /* Icon-76.png */ = {isa = PBXFileReference; lastKnownFileType = image.png; path = "Icon-76.png"; sourceTree = "<group>"; };
		696BDE971E003F2F00ABDBAE /* Icon-80.png */ = {isa = PBXFileReference; lastKnownFileType = image.png; path = "Icon-80.png"; sourceTree = "<group>"; };
		696BDE981E003F2F00ABDBAE /* Icon-87.png */ = {isa = PBXFileReference; lastKnownFileType = image.png; path = "Icon-87.png"; sourceTree = "<group>"; };
		696BDE991E003F2F00ABDBAE /* Icon-120.png */ = {isa = PBXFileReference; lastKnownFileType = image.png; path = "Icon-120.png"; sourceTree = "<group>"; };
		696BDE9A1E003F2F00ABDBAE /* Icon-152.png */ = {isa = PBXFileReference; lastKnownFileType = image.png; path = "Icon-152.png"; sourceTree = "<group>"; };
		696BDE9B1E003F2F00ABDBAE /* Icon-167.png */ = {isa = PBXFileReference; lastKnownFileType = image.png; path = "Icon-167.png"; sourceTree = "<group>"; };
		696BDE9C1E003F2F00ABDBAE /* Icon-180.png */ = {isa = PBXFileReference; lastKnownFileType = image.png; path = "Icon-180.png"; sourceTree = "<group>"; };
		696BDE9D1E003F2F00ABDBAE /* Icon-1024.png */ = {isa = PBXFileReference; lastKnownFileType = image.png; path = "Icon-1024.png"; sourceTree = "<group>"; };
/* End PBXFileReference section */

/* Begin PBXFrameworksBuildPhase section */
		694239301DFD98D400AED55A /* Frameworks */ = {
			isa = PBXFrameworksBuildPhase;
			buildActionMask = 2147483647;
			files = (
			);
			runOnlyForDeploymentPostprocessing = 0;
		};
/* End PBXFrameworksBuildPhase section */

/* Begin PBXGroup section */
		6942392A1DFD98D400AED55A = {
			isa = PBXGroup;
			children = (
				694239351DFD98D500AED55A /* Bull'sEye */,
				694239341DFD98D500AED55A /* Products */,
			);
			sourceTree = "<group>";
		};
		694239341DFD98D500AED55A /* Products */ = {
			isa = PBXGroup;
			children = (
				694239331DFD98D500AED55A /* Bull'sEye.app */,
			);
			name = Products;
			sourceTree = "<group>";
		};
		694239351DFD98D500AED55A /* Bull'sEye */ = {
			isa = PBXGroup;
			children = (
				696BDE911E003F2F00ABDBAE /* Icon-20.png */,
				696BDE921E003F2F00ABDBAE /* Icon-29.png */,
				696BDE931E003F2F00ABDBAE /* Icon-40.png */,
				696BDE941E003F2F00ABDBAE /* Icon-58.png */,
				696BDE951E003F2F00ABDBAE /* Icon-60.png */,
				696BDE961E003F2F00ABDBAE /* Icon-76.png */,
				696BDE971E003F2F00ABDBAE /* Icon-80.png */,
				696BDE981E003F2F00ABDBAE /* Icon-87.png */,
				696BDE991E003F2F00ABDBAE /* Icon-120.png */,
				696BDE9A1E003F2F00ABDBAE /* Icon-152.png */,
				696BDE9B1E003F2F00ABDBAE /* Icon-167.png */,
				696BDE9C1E003F2F00ABDBAE /* Icon-180.png */,
				696BDE9D1E003F2F00ABDBAE /* Icon-1024.png */,
				696BDE8F1E003E6800ABDBAE /* BullsEye.html */,
				694239361DFD98D500AED55A /* AppDelegate.swift */,
				694239381DFD98D500AED55A /* ViewController.swift */,
				694239481DFF028E00AED55A /* AboutViewController.swift */,
				6942393A1DFD98D500AED55A /* Main.storyboard */,
				6942393D1DFD98D500AED55A /* Assets.xcassets */,
				6942393F1DFD98D500AED55A /* LaunchScreen.storyboard */,
				694239421DFD98D500AED55A /* Info.plist */,
			);
			path = "Bull'sEye";
			sourceTree = "<group>";
		};
/* End PBXGroup section */

/* Begin PBXNativeTarget section */
		694239321DFD98D400AED55A /* Bull'sEye */ = {
			isa = PBXNativeTarget;
			buildConfigurationList = 694239451DFD98D500AED55A /* Build configuration list for PBXNativeTarget "Bull'sEye" */;
			buildPhases = (
				6942392F1DFD98D400AED55A /* Sources */,
				694239301DFD98D400AED55A /* Frameworks */,
				694239311DFD98D400AED55A /* Resources */,
			);
			buildRules = (
			);
			dependencies = (
			);
			name = "Bull'sEye";
			productName = "Bull'sEye";
			productReference = 694239331DFD98D500AED55A /* Bull'sEye.app */;
			productType = "com.apple.product-type.application";
		};
/* End PBXNativeTarget section */

/* Begin PBXProject section */
		6942392B1DFD98D400AED55A /* Project object */ = {
			isa = PBXProject;
			attributes = {
				LastSwiftUpdateCheck = 0810;
				LastUpgradeCheck = 0810;
				ORGANIZATIONNAME = MayK;
				TargetAttributes = {
					694239321DFD98D400AED55A = {
						CreatedOnToolsVersion = 8.1;
						DevelopmentTeam = 9R2KZ86ZHL;
						ProvisioningStyle = Automatic;
					};
				};
			};
			buildConfigurationList = 6942392E1DFD98D400AED55A /* Build configuration list for PBXProject "Bull'sEye" */;
			compatibilityVersion = "Xcode 3.2";
			developmentRegion = English;
			hasScannedForEncodings = 0;
			knownRegions = (
				en,
				Base,
			);
			mainGroup = 6942392A1DFD98D400AED55A;
			productRefGroup = 694239341DFD98D500AED55A /* Products */;
			projectDirPath = "";
			projectRoot = "";
			targets = (
				694239321DFD98D400AED55A /* Bull'sEye */,
			);
		};
/* End PBXProject section */

/* Begin PBXResourcesBuildPhase section */
		694239311DFD98D400AED55A /* Resources */ = {
			isa = PBXResourcesBuildPhase;
			buildActionMask = 2147483647;
			files = (
				694239411DFD98D500AED55A /* LaunchScreen.storyboard in Resources */,
				696BDEA11E003F2F00ABDBAE /* Icon-58.png in Resources */,
				696BDE901E003E6800ABDBAE /* BullsEye.html in Resources */,
				6942393E1DFD98D500AED55A /* Assets.xcassets in Resources */,
				696BDEAA1E003F2F00ABDBAE /* Icon-1024.png in Resources */,
				696BDEA01E003F2F00ABDBAE /* Icon-40.png in Resources */,
				696BDEA21E003F2F00ABDBAE /* Icon-60.png in Resources */,
				696BDE9E1E003F2F00ABDBAE /* Icon-20.png in Resources */,
				696BDEA31E003F2F00ABDBAE /* Icon-76.png in Resources */,
				696BDEA61E003F2F00ABDBAE /* Icon-120.png in Resources */,
				696BDEA71E003F2F00ABDBAE /* Icon-152.png in Resources */,
				6942393C1DFD98D500AED55A /* Main.storyboard in Resources */,
				696BDE9F1E003F2F00ABDBAE /* Icon-29.png in Resources */,
				696BDEA41E003F2F00ABDBAE /* Icon-80.png in Resources */,
				696BDEA81E003F2F00ABDBAE /* Icon-167.png in Resources */,
				696BDEA91E003F2F00ABDBAE /* Icon-180.png in Resources */,
				696BDEA51E003F2F00ABDBAE /* Icon-87.png in Resources */,
			);
			runOnlyForDeploymentPostprocessing = 0;
		};
/* End PBXResourcesBuildPhase section */

/* Begin PBXSourcesBuildPhase section */
		6942392F1DFD98D400AED55A /* Sources */ = {
			isa = PBXSourcesBuildPhase;
			buildActionMask = 2147483647;
			files = (
				694239491DFF028E00AED55A /* AboutViewController.swift in Sources */,
				694239391DFD98D500AED55A /* ViewController.swift in Sources */,
				694239371DFD98D500AED55A /* AppDelegate.swift in Sources */,
			);
			runOnlyForDeploymentPostprocessing = 0;
		};
/* End PBXSourcesBuildPhase section */

/* Begin PBXVariantGroup section */
		6942393A1DFD98D500AED55A /* Main.storyboard */ = {
			isa = PBXVariantGroup;
			children = (
				6942393B1DFD98D500AED55A /* Base */,
			);
			name = Main.storyboard;
			sourceTree = "<group>";
		};
		6942393F1DFD98D500AED55A /* LaunchScreen.storyboard */ = {
			isa = PBXVariantGroup;
			children = (
				694239401DFD98D500AED55A /* Base */,
			);
			name = LaunchScreen.storyboard;
			sourceTree = "<group>";
		};
/* End PBXVariantGroup section */

/* Begin XCBuildConfiguration section */
		694239431DFD98D500AED55A /* Debug */ = {
			isa = XCBuildConfiguration;
			buildSettings = {
				ALWAYS_SEARCH_USER_PATHS = NO;
				CLANG_ANALYZER_NONNULL = YES;
				CLANG_CXX_LANGUAGE_STANDARD = "gnu++0x";
				CLANG_CXX_LIBRARY = "libc++";
				CLANG_ENABLE_MODULES = YES;
				CLANG_ENABLE_OBJC_ARC = YES;
				CLANG_WARN_BOOL_CONVERSION = YES;
				CLANG_WARN_CONSTANT_CONVERSION = YES;
				CLANG_WARN_DIRECT_OBJC_ISA_USAGE = YES_ERROR;
				CLANG_WARN_DOCUMENTATION_COMMENTS = YES;
				CLANG_WARN_EMPTY_BODY = YES;
				CLANG_WARN_ENUM_CONVERSION = YES;
				CLANG_WARN_INFINITE_RECURSION = YES;
				CLANG_WARN_INT_CONVERSION = YES;
				CLANG_WARN_OBJC_ROOT_CLASS = YES_ERROR;
				CLANG_WARN_SUSPICIOUS_MOVES = YES;
				CLANG_WARN_UNREACHABLE_CODE = YES;
				CLANG_WARN__DUPLICATE_METHOD_MATCH = YES;
				"CODE_SIGN_IDENTITY[sdk=iphoneos*]" = "iPhone Developer";
				COPY_PHASE_STRIP = NO;
				DEBUG_INFORMATION_FORMAT = dwarf;
				ENABLE_STRICT_OBJC_MSGSEND = YES;
				ENABLE_TESTABILITY = YES;
				GCC_C_LANGUAGE_STANDARD = gnu99;
				GCC_DYNAMIC_NO_PIC = NO;
				GCC_NO_COMMON_BLOCKS = YES;
				GCC_OPTIMIZATION_LEVEL = 0;
				GCC_PREPROCESSOR_DEFINITIONS = (
					"DEBUG=1",
					"$(inherited)",
				);
				GCC_WARN_64_TO_32_BIT_CONVERSION = YES;
				GCC_WARN_ABOUT_RETURN_TYPE = YES_ERROR;
				GCC_WARN_UNDECLARED_SELECTOR = YES;
				GCC_WARN_UNINITIALIZED_AUTOS = YES_AGGRESSIVE;
				GCC_WARN_UNUSED_FUNCTION = YES;
				GCC_WARN_UNUSED_VARIABLE = YES;
				IPHONEOS_DEPLOYMENT_TARGET = 10.1;
				MTL_ENABLE_DEBUG_INFO = YES;
				ONLY_ACTIVE_ARCH = YES;
				SDKROOT = iphoneos;
				SWIFT_ACTIVE_COMPILATION_CONDITIONS = DEBUG;
				SWIFT_OPTIMIZATION_LEVEL = "-Onone";
			};
			name = Debug;
		};
		694239441DFD98D500AED55A /* Release */ = {
			isa = XCBuildConfiguration;
			buildSettings = {
				ALWAYS_SEARCH_USER_PATHS = NO;
				CLANG_ANALYZER_NONNULL = YES;
				CLANG_CXX_LANGUAGE_STANDARD = "gnu++0x";
				CLANG_CXX_LIBRARY = "libc++";
				CLANG_ENABLE_MODULES = YES;
				CLANG_ENABLE_OBJC_ARC = YES;
				CLANG_WARN_BOOL_CONVERSION = YES;
				CLANG_WARN_CONSTANT_CONVERSION = YES;
				CLANG_WARN_DIRECT_OBJC_ISA_USAGE = YES_ERROR;
				CLANG_WARN_DOCUMENTATION_COMMENTS = YES;
				CLANG_WARN_EMPTY_BODY = YES;
				CLANG_WARN_ENUM_CONVERSION = YES;
				CLANG_WARN_INFINITE_RECURSION = YES;
				CLANG_WARN_INT_CONVERSION = YES;
				CLANG_WARN_OBJC_ROOT_CLASS = YES_ERROR;
				CLANG_WARN_SUSPICIOUS_MOVES = YES;
				CLANG_WARN_UNREACHABLE_CODE = YES;
				CLANG_WARN__DUPLICATE_METHOD_MATCH = YES;
				"CODE_SIGN_IDENTITY[sdk=iphoneos*]" = "iPhone Developer";
				COPY_PHASE_STRIP = NO;
				DEBUG_INFORMATION_FORMAT = "dwarf-with-dsym";
				ENABLE_NS_ASSERTIONS = NO;
				ENABLE_STRICT_OBJC_MSGSEND = YES;
				GCC_C_LANGUAGE_STANDARD = gnu99;
				GCC_NO_COMMON_BLOCKS = YES;
				GCC_WARN_64_TO_32_BIT_CONVERSION = YES;
				GCC_WARN_ABOUT_RETURN_TYPE = YES_ERROR;
				GCC_WARN_UNDECLARED_SELECTOR = YES;
				GCC_WARN_UNINITIALIZED_AUTOS = YES_AGGRESSIVE;
				GCC_WARN_UNUSED_FUNCTION = YES;
				GCC_WARN_UNUSED_VARIABLE = YES;
				IPHONEOS_DEPLOYMENT_TARGET = 10.1;
				MTL_ENABLE_DEBUG_INFO = NO;
				SDKROOT = iphoneos;
				SWIFT_OPTIMIZATION_LEVEL = "-Owholemodule";
				VALIDATE_PRODUCT = YES;
			};
			name = Release;
		};
		694239461DFD98D500AED55A /* Debug */ = {
			isa = XCBuildConfiguration;
			buildSettings = {
				ASSETCATALOG_COMPILER_APPICON_NAME = AppIcon;
				DEVELOPMENT_TEAM = 9R2KZ86ZHL;
				INFOPLIST_FILE = "Bull'sEye/Info.plist";
				IPHONEOS_DEPLOYMENT_TARGET = 10.0;
				LD_RUNPATH_SEARCH_PATHS = "$(inherited) @executable_path/Frameworks";
				PRODUCT_BUNDLE_IDENTIFIER = "mayk.Bull-sEye";
				PRODUCT_NAME = "$(TARGET_NAME)";
				SDKROOT = iphoneos10.1;
				SWIFT_VERSION = 3.0;
			};
			name = Debug;
		};
		694239471DFD98D500AED55A /* Release */ = {
			isa = XCBuildConfiguration;
			buildSettings = {
				ASSETCATALOG_COMPILER_APPICON_NAME = AppIcon;
				DEVELOPMENT_TEAM = 9R2KZ86ZHL;
				INFOPLIST_FILE = "Bull'sEye/Info.plist";
				IPHONEOS_DEPLOYMENT_TARGET = 10.0;
				LD_RUNPATH_SEARCH_PATHS = "$(inherited) @executable_path/Frameworks";
				PRODUCT_BUNDLE_IDENTIFIER = "mayk.Bull-sEye";
				PRODUCT_NAME = "$(TARGET_NAME)";
				SDKROOT = iphoneos10.1;
				SWIFT_VERSION = 3.0;
			};
			name = Release;
		};
/* End XCBuildConfiguration section */

/* Begin XCConfigurationList section */
		6942392E1DFD98D400AED55A /* Build configuration list for PBXProject "Bull'sEye" */ = {
			isa = XCConfigurationList;
			buildConfigurations = (
				694239431DFD98D500AED55A /* Debug */,
				694239441DFD98D500AED55A /* Release */,
			);
			defaultConfigurationIsVisible = 0;
			defaultConfigurationName = Release;
		};
		694239451DFD98D500AED55A /* Build configuration list for PBXNativeTarget "Bull'sEye" */ = {
			isa = XCConfigurationList;
			buildConfigurations = (
				694239461DFD98D500AED55A /* Debug */,
				694239471DFD98D500AED55A /* Release */,
			);
			defaultConfigurationIsVisible = 0;
			defaultConfigurationName = Release;
		};
/* End XCConfigurationList section */
	};
	rootObject = 6942392B1DFD98D400AED55A /* Project object */;
}
